
Microsoft Visual Studio Solution File, Format Version 12.00
# Visual Studio 15
VisualStudioVersion = 15.0.27004.2009
MinimumVisualStudioVersion = 10.0.40219.1
Project("{888888A0-9F3D-457C-B088-3A5042F75D52}") = "CurrentWeather", "CurrentWeather\CurrentWeather.pyproj", "{AA04A829-3820-4650-AC9D-22BFEF413A67}"
EndProject
Global
	GlobalSection(SolutionConfigurationPlatforms) = preSolution
		Debug|Any CPU = Debug|Any CPU
		Release|Any CPU = Release|Any CPU
	EndGlobalSection
	GlobalSection(ProjectConfigurationPlatforms) = postSolution
		{AA04A829-3820-4650-AC9D-22BFEF413A67}.Debug|Any CPU.ActiveCfg = Debug|Any CPU
		{AA04A829-3820-4650-AC9D-22BFEF413A67}.Release|Any CPU.ActiveCfg = Release|Any CPU
	EndGlobalSection
	GlobalSection(SolutionProperties) = preSolution
		HideSolutionNode = FALSE
	EndGlobalSection
	GlobalSection(ExtensibilityGlobals) = postSolution
		SolutionGuid = {7B4E1F76-87C2-42AC-BCC3-5C4D7B65E758}
	EndGlobalSection
EndGlobal
